// !$*UTF8*$!
{
	archiveVersion = 1;
	classes = {
	};
	objectVersion = 46;
	objects = {

/* Begin PBXBuildFile section */
		37B2157D07061E9D21A1E95F /* ContentView.swift in Sources */ = {isa = PBXBuildFile; fileRef = 37B21B95A1CB5A39CE40C4BE /* ContentView.swift */; };
		37B218ACB9E201B761425B05 /* Preview Assets.xcassets in Resources */ = {isa = PBXBuildFile; fileRef = 37B21142E0C6AD8A16F96DFA /* Preview Assets.xcassets */; };
		37B219174B86099ECBDEA0B5 /* Assets.xcassets in Resources */ = {isa = PBXBuildFile; fileRef = 37B21829713D86D7B7338114 /* Assets.xcassets */; };
		37B21918BF30918370A14BFA /* recordApp.swift in Sources */ = {isa = PBXBuildFile; fileRef = 37B216A238846D1B274920B2 /* recordApp.swift */; };
		37B219D125946B379FD6663B /* RecordManager.swift in Sources */ = {isa = PBXBuildFile; fileRef = 37B21F234CB25FC86A0CCE86 /* RecordManager.swift */; };
		37B21F42780FCB453CA09BD1 /* AudioManager.swift in Sources */ = {isa = PBXBuildFile; fileRef = 37B210ECF17A9D7D91CED9F5 /* AudioManager.swift */; };
		D42ACA5B255DDB2A001C9E77 /* note1.wav in Resources */ = {isa = PBXBuildFile; fileRef = D42ACA5A255DDB2A001C9E77 /* note1.wav */; };
/* End PBXBuildFile section */

/* Begin PBXFileReference section */
		37B210ECF17A9D7D91CED9F5 /* AudioManager.swift */ = {isa = PBXFileReference; fileEncoding = 4; lastKnownFileType = sourcecode.swift; path = AudioManager.swift; sourceTree = "<group>"; };
		37B21142E0C6AD8A16F96DFA /* Preview Assets.xcassets */ = {isa = PBXFileReference; lastKnownFileType = folder.assetcatalog; path = "Preview Assets.xcassets"; sourceTree = "<group>"; };
		37B2165AF84A3450FAD25A5E /* record.app */ = {isa = PBXFileReference; explicitFileType = wrapper.application; includeInIndex = 0; path = record.app; sourceTree = BUILT_PRODUCTS_DIR; };
		37B216A238846D1B274920B2 /* recordApp.swift */ = {isa = PBXFileReference; lastKnownFileType = sourcecode.swift; path = recordApp.swift; sourceTree = "<group>"; };
		37B21829713D86D7B7338114 /* Assets.xcassets */ = {isa = PBXFileReference; lastKnownFileType = folder.assetcatalog; path = Assets.xcassets; sourceTree = "<group>"; };
		37B21B95A1CB5A39CE40C4BE /* ContentView.swift */ = {isa = PBXFileReference; lastKnownFileType = sourcecode.swift; path = ContentView.swift; sourceTree = "<group>"; };
		37B21D37FAF802C6145DD7B6 /* Info.plist */ = {isa = PBXFileReference; lastKnownFileType = text.plist.info; path = Info.plist; sourceTree = "<group>"; };
		37B21F234CB25FC86A0CCE86 /* RecordManager.swift */ = {isa = PBXFileReference; fileEncoding = 4; lastKnownFileType = sourcecode.swift; path = RecordManager.swift; sourceTree = "<group>"; };
		D42ACA5A255DDB2A001C9E77 /* note1.wav */ = {isa = PBXFileReference; lastKnownFileType = audio.wav; path = note1.wav; sourceTree = "<group>"; };
/* End PBXFileReference section */

/* Begin PBXFrameworksBuildPhase section */
		37B21E8D78253ED270050F88 /* Frameworks */ = {
			isa = PBXFrameworksBuildPhase;
			buildActionMask = 2147483647;
			files = (
			);
			runOnlyForDeploymentPostprocessing = 0;
		};
/* End PBXFrameworksBuildPhase section */

/* Begin PBXGroup section */
		37B2120215FF318B44FF1B7E /* Preview Content */ = {
			isa = PBXGroup;
			children = (
				37B21142E0C6AD8A16F96DFA /* Preview Assets.xcassets */,
			);
			path = "Preview Content";
			sourceTree = "<group>";
		};
		37B2128CF6BA03A33C12E968 = {
			isa = PBXGroup;
			children = (
				37B21437E960BB5628E3A4C8 /* Products */,
				37B21A68BC2AD068FC0F1BBE /* record */,
			);
			sourceTree = "<group>";
		};
		37B21437E960BB5628E3A4C8 /* Products */ = {
			isa = PBXGroup;
			children = (
				37B2165AF84A3450FAD25A5E /* record.app */,
			);
			name = Products;
			sourceTree = "<group>";
		};
		37B21A68BC2AD068FC0F1BBE /* record */ = {
			isa = PBXGroup;
			children = (
				37B21D37FAF802C6145DD7B6 /* Info.plist */,
				37B21829713D86D7B7338114 /* Assets.xcassets */,
				D42ACA5A255DDB2A001C9E77 /* note1.wav */,
				37B2120215FF318B44FF1B7E /* Preview Content */,
				37B216A238846D1B274920B2 /* recordApp.swift */,
				37B21B95A1CB5A39CE40C4BE /* ContentView.swift */,
				37B21F234CB25FC86A0CCE86 /* RecordManager.swift */,
				37B210ECF17A9D7D91CED9F5 /* AudioManager.swift */,
			);
			path = record;
			sourceTree = "<group>";
		};
/* End PBXGroup section */

/* Begin PBXNativeTarget section */
		37B215AF1975D84954FD8833 /* record */ = {
			isa = PBXNativeTarget;
			buildConfigurationList = 37B2171D924C839FF4EC24AC /* Build configuration list for PBXNativeTarget "record" */;
			buildPhases = (
				37B2102E36BB9C826E86BA1E /* Sources */,
				37B21E8D78253ED270050F88 /* Frameworks */,
				37B21CCB74CBF753CBCF9DF6 /* Resources */,
			);
			buildRules = (
			);
			dependencies = (
			);
			name = record;
			productName = record;
			productReference = 37B2165AF84A3450FAD25A5E /* record.app */;
			productType = "com.apple.product-type.application";
		};
/* End PBXNativeTarget section */

/* Begin PBXProject section */
		37B21493D7D4E5FC263DD984 /* Project object */ = {
			isa = PBXProject;
			attributes = {
				TargetAttributes = {
					37B215AF1975D84954FD8833 = {
						DevelopmentTeam = ZQNTYXCS7L;
					};
				};
			};
			buildConfigurationList = 37B2129E666C069A36971EA1 /* Build configuration list for PBXProject "record" */;
			compatibilityVersion = "Xcode 3.2";
			developmentRegion = English;
			hasScannedForEncodings = 0;
			knownRegions = (
				English,
				en,
			);
			mainGroup = 37B2128CF6BA03A33C12E968;
			productRefGroup = 37B21437E960BB5628E3A4C8 /* Products */;
			projectDirPath = "";
			projectRoot = "";
			targets = (
				37B215AF1975D84954FD8833 /* record */,
			);
		};
/* End PBXProject section */

/* Begin PBXResourcesBuildPhase section */
		37B21CCB74CBF753CBCF9DF6 /* Resources */ = {
			isa = PBXResourcesBuildPhase;
			buildActionMask = 2147483647;
			files = (
				D42ACA5B255DDB2A001C9E77 /* note1.wav in Resources */,
				37B219174B86099ECBDEA0B5 /* Assets.xcassets in Resources */,
				37B218ACB9E201B761425B05 /* Preview Assets.xcassets in Resources */,
			);
			runOnlyForDeploymentPostprocessing = 0;
		};
/* End PBXResourcesBuildPhase section */

/* Begin PBXSourcesBuildPhase section */
		37B2102E36BB9C826E86BA1E /* Sources */ = {
			isa = PBXSourcesBuildPhase;
			buildActionMask = 2147483647;
			files = (
				37B21918BF30918370A14BFA /* recordApp.swift in Sources */,
				37B2157D07061E9D21A1E95F /* ContentView.swift in Sources */,
				37B219D125946B379FD6663B /* RecordManager.swift in Sources */,
				37B21F42780FCB453CA09BD1 /* AudioManager.swift in Sources */,
			);
			runOnlyForDeploymentPostprocessing = 0;
		};
/* End PBXSourcesBuildPhase section */

/* Begin XCBuildConfiguration section */
		37B211F20DACD27A0FCD5522 /* Debug */ = {
			isa = XCBuildConfiguration;
			buildSettings = {
				ASSETCATALOG_COMPILER_APPICON_NAME = AppIcon;
				ASSETCATALOG_COMPILER_GLOBAL_ACCENT_COLOR_NAME = AccentColor;
				DEVELOPMENT_ASSET_PATHS = "\"record/Preview Content\"";
				DEVELOPMENT_TEAM = ZQNTYXCS7L;
				ENABLE_PREVIEWS = YES;
				INFOPLIST_FILE = record/Info.plist;
				IPHONEOS_DEPLOYMENT_TARGET = 14.0;
				LD_RUNPATH_SEARCH_PATHS = "$(inherited) @executable_path/Frameworks";
				PRODUCT_BUNDLE_IDENTIFIER = com.lzhao.record;
				PRODUCT_NAME = "$(TARGET_NAME)";
				SWIFT_VERSION = 5.0;
				TARGETED_DEVICE_FAMILY = "1,2";
			};
			name = Debug;
		};
		37B212C58F9A250DAC55C7E3 /* Debug */ = {
			isa = XCBuildConfiguration;
			buildSettings = {
				ALWAYS_SEARCH_USER_PATHS = NO;
				CLANG_ANALYZER_NONNULL = YES;
				CLANG_ANALYZER_NUMBER_OBJECT_CONVERSION = YES_AGGRESSIVE;
				CLANG_CXX_LANGUAGE_STANDARD = "gnu++14";
				CLANG_CXX_LIBRARY = "libc++";
				CLANG_ENABLE_MODULES = YES;
				CLANG_ENABLE_OBJC_ARC = YES;
				CLANG_ENABLE_OBJC_WEAK = YES;
				CLANG_WARN_BLOCK_CAPTURE_AUTORELEASING = YES;
				CLANG_WARN_BOOL_CONVERSION = YES;
				CLANG_WARN_COMMA = YES;
				CLANG_WARN_CONSTANT_CONVERSION = YES;
				CLANG_WARN_DEPRECATED_OBJC_IMPLEMENTATIONS = YES;
				CLANG_WARN_DIRECT_OBJC_ISA_USAGE = YES_ERROR;
				CLANG_WARN_DOCUMENTATION_COMMENTS = YES;
				CLANG_WARN_EMPTY_BODY = YES;
				CLANG_WARN_ENUM_CONVERSION = YES;
				CLANG_WARN_INFINITE_RECURSION = YES;
				CLANG_WARN_INT_CONVERSION = YES;
				CLANG_WARN_NON_LITERAL_NULL_CONVERSION = YES;
				CLANG_WARN_OBJC_IMPLICIT_RETAIN_SELF = YES;
				CLANG_WARN_OBJC_LITERAL_CONVERSION = YES;
				CLANG_WARN_OBJC_ROOT_CLASS = YES_ERROR;
				CLANG_WARN_QUOTED_INCLUDE_IN_FRAMEWORK_HEADER = YES;
				CLANG_WARN_RANGE_LOOP_ANALYSIS = YES;
				CLANG_WARN_STRICT_PROTOTYPES = YES;
				CLANG_WARN_SUSPICIOUS_MOVE = YES;
				CLANG_WARN_UNGUARDED_AVAILABILITY = YES_AGGRESSIVE;
				CLANG_WARN_UNREACHABLE_CODE = YES;
				CLANG_WARN__DUPLICATE_METHOD_MATCH = YES;
				COPY_PHASE_STRIP = NO;
				DEBUG_INFORMATION_FORMAT = dwarf;
				ENABLE_STRICT_OBJC_MSGSEND = YES;
				ENABLE_TESTABILITY = YES;
				GCC_C_LANGUAGE_STANDARD = gnu11;
				GCC_DYNAMIC_NO_PIC = NO;
				GCC_NO_COMMON_BLOCKS = YES;
				GCC_OPTIMIZATION_LEVEL = 0;
				GCC_PREPROCESSOR_DEFINITIONS = (
					"DEBUG=1",
					"$(inherited)",
				);
				GCC_WARN_64_TO_32_BIT_CONVERSION = YES;
				GCC_WARN_ABOUT_RETURN_TYPE = YES_ERROR;
				GCC_WARN_UNDECLARED_SELECTOR = YES;
				GCC_WARN_UNINITIALIZED_AUTOS = YES_AGGRESSIVE;
				GCC_WARN_UNUSED_FUNCTION = YES;
				GCC_WARN_UNUSED_VARIABLE = YES;
				IPHONEOS_DEPLOYMENT_TARGET = 14.1;
				MTL_ENABLE_DEBUG_INFO = INCLUDE_SOURCE;
				MTL_FAST_MATH = YES;
				ONLY_ACTIVE_ARCH = YES;
				SDKROOT = iphoneos;
				SWIFT_ACTIVE_COMPILATION_CONDITIONS = DEBUG;
				SWIFT_OPTIMIZATION_LEVEL = "-Onone";
			};
			name = Debug;
		};
		37B21E0DD7118AC224696278 /* Release */ = {
			isa = XCBuildConfiguration;
			buildSettings = {
				ASSETCATALOG_COMPILER_APPICON_NAME = AppIcon;
				ASSETCATALOG_COMPILER_GLOBAL_ACCENT_COLOR_NAME = AccentColor;
				DEVELOPMENT_ASSET_PATHS = "\"record/Preview Content\"";
				DEVELOPMENT_TEAM = ZQNTYXCS7L;
				ENABLE_PREVIEWS = YES;
				INFOPLIST_FILE = record/Info.plist;
				IPHONEOS_DEPLOYMENT_TARGET = 14.0;
				LD_RUNPATH_SEARCH_PATHS = "$(inherited) @executable_path/Frameworks";
				PRODUCT_BUNDLE_IDENTIFIER = com.lzhao.record;
				PRODUCT_NAME = "$(TARGET_NAME)";
				SWIFT_VERSION = 5.0;
				TARGETED_DEVICE_FAMILY = "1,2";
			};
			name = Release;
		};
		37B21EFE4224ED2C0F483AB3 /* Release */ = {
			isa = XCBuildConfiguration;
			buildSettings = {
				ALWAYS_SEARCH_USER_PATHS = NO;
				CLANG_ANALYZER_NONNULL = YES;
				CLANG_ANALYZER_NUMBER_OBJECT_CONVERSION = YES_AGGRESSIVE;
				CLANG_CXX_LANGUAGE_STANDARD = "gnu++14";
				CLANG_CXX_LIBRARY = "libc++";
				CLANG_ENABLE_MODULES = YES;
				CLANG_ENABLE_OBJC_ARC = YES;
				CLANG_ENABLE_OBJC_WEAK = YES;
				CLANG_WARN_BLOCK_CAPTURE_AUTORELEASING = YES;
				CLANG_WARN_BOOL_CONVERSION = YES;
				CLANG_WARN_COMMA = YES;
				CLANG_WARN_CONSTANT_CONVERSION = YES;
				CLANG_WARN_DEPRECATED_OBJC_IMPLEMENTATIONS = YES;
				CLANG_WARN_DIRECT_OBJC_ISA_USAGE = YES_ERROR;
				CLANG_WARN_DOCUMENTATION_COMMENTS = YES;
				CLANG_WARN_EMPTY_BODY = YES;
				CLANG_WARN_ENUM_CONVERSION = YES;
				CLANG_WARN_INFINITE_RECURSION = YES;
				CLANG_WARN_INT_CONVERSION = YES;
				CLANG_WARN_NON_LITERAL_NULL_CONVERSION = YES;
				CLANG_WARN_OBJC_IMPLICIT_RETAIN_SELF = YES;
				CLANG_WARN_OBJC_LITERAL_CONVERSION = YES;
				CLANG_WARN_OBJC_ROOT_CLASS = YES_ERROR;
				CLANG_WARN_QUOTED_INCLUDE_IN_FRAMEWORK_HEADER = YES;
				CLANG_WARN_RANGE_LOOP_ANALYSIS = YES;
				CLANG_WARN_STRICT_PROTOTYPES = YES;
				CLANG_WARN_SUSPICIOUS_MOVE = YES;
				CLANG_WARN_UNGUARDED_AVAILABILITY = YES_AGGRESSIVE;
				CLANG_WARN_UNREACHABLE_CODE = YES;
				CLANG_WARN__DUPLICATE_METHOD_MATCH = YES;
				COPY_PHASE_STRIP = NO;
				DEBUG_INFORMATION_FORMAT = "dwarf-with-dsym";
				ENABLE_NS_ASSERTIONS = NO;
				ENABLE_STRICT_OBJC_MSGSEND = YES;
				GCC_C_LANGUAGE_STANDARD = gnu11;
				GCC_NO_COMMON_BLOCKS = YES;
				GCC_WARN_64_TO_32_BIT_CONVERSION = YES;
				GCC_WARN_ABOUT_RETURN_TYPE = YES_ERROR;
				GCC_WARN_UNDECLARED_SELECTOR = YES;
				GCC_WARN_UNINITIALIZED_AUTOS = YES_AGGRESSIVE;
				GCC_WARN_UNUSED_FUNCTION = YES;
				GCC_WARN_UNUSED_VARIABLE = YES;
				IPHONEOS_DEPLOYMENT_TARGET = 14.1;
				MTL_ENABLE_DEBUG_INFO = NO;
				MTL_FAST_MATH = YES;
				SDKROOT = iphoneos;
				SWIFT_OPTIMIZATION_LEVEL = "-Owholemodule";
				VALIDATE_PRODUCT = YES;
			};
			name = Release;
		};
/* End XCBuildConfiguration section */

/* Begin XCConfigurationList section */
		37B2129E666C069A36971EA1 /* Build configuration list for PBXProject "record" */ = {
			isa = XCConfigurationList;
			buildConfigurations = (
				37B212C58F9A250DAC55C7E3 /* Debug */,
				37B21EFE4224ED2C0F483AB3 /* Release */,
			);
			defaultConfigurationIsVisible = 0;
			defaultConfigurationName = Release;
		};
		37B2171D924C839FF4EC24AC /* Build configuration list for PBXNativeTarget "record" */ = {
			isa = XCConfigurationList;
			buildConfigurations = (
				37B211F20DACD27A0FCD5522 /* Debug */,
				37B21E0DD7118AC224696278 /* Release */,
			);
			defaultConfigurationIsVisible = 0;
			defaultConfigurationName = Release;
		};
/* End XCConfigurationList section */
	};
	rootObject = 37B21493D7D4E5FC263DD984 /* Project object */;
}
