<?xml version="1.0" encoding="UTF-8"?>
<Scheme
   version = "1.3">
   <BuildAction>
      <BuildActionEntries>
         <BuildActionEntry
            buildForRunning = "YES">
            <BuildableReference
               BuildableIdentifier = "primary"
               BlueprintIdentifier = "37B2122BAA9C488F0C5DADD6"
               BuildableName = "ImageDataPlay.app"
               BlueprintName = "ImageDataPlay"
               ReferencedContainer = "container:ImageDataPlay.xcodeproj">
            </BuildableReference>
         </BuildActionEntry>
      </BuildActionEntries>
   </BuildAction>
   <LaunchAction
      useCustomWorkingDirectory = "NO"
      buildConfiguration = "Debug"
      allowLocationSimulation = "YES">
      <BuildableProductRunnable>
         <BuildableReference
            BuildableIdentifier = "primary"
            BlueprintIdentifier = "37B2122BAA9C488F0C5DADD6"
            BuildableName = "ImageDataPlay.app"
            BlueprintName = "ImageDataPlay"
            ReferencedContainer = "container:ImageDataPlay.xcodeproj">
         </BuildableReference>
      </BuildableProductRunnable>
   </LaunchAction>
</Scheme>
