// !$*UTF8*$!
{
	archiveVersion = 1;
	classes = {
	};
	objectVersion = 46;
	objects = {

/* Begin PBXBuildFile section */
		37B2177C03A540FEF32A274C /* Preview Assets.xcassets in Resources */ = {isa = PBXBuildFile; fileRef = 37B21BE239168A714D3F5E1A /* Preview Assets.xcassets */; };
		37B218E5259906A2F3C7A2CC /* ContentView.swift in Sources */ = {isa = PBXBuildFile; fileRef = 37B21E8DFE702F753D277D73 /* ContentView.swift */; };
		37B21B427762C3AA1ABE333D /* Assets.xcassets in Resources */ = {isa = PBXBuildFile; fileRef = 37B217B27958409FED6270B0 /* Assets.xcassets */; };
		37B21E835BEB79E365BBB580 /* xylophoneApp.swift in Sources */ = {isa = PBXBuildFile; fileRef = 37B21753F155E0848888BE71 /* xylophoneApp.swift */; };
		D437B0062555241B00747303 /* note6.wav in Resources */ = {isa = PBXBuildFile; fileRef = D437AFFF2555241B00747303 /* note6.wav */; };
		D437B0072555241B00747303 /* note2.wav in Resources */ = {isa = PBXBuildFile; fileRef = D437B0002555241B00747303 /* note2.wav */; };
		D437B0082555241B00747303 /* note1.wav in Resources */ = {isa = PBXBuildFile; fileRef = D437B0012555241B00747303 /* note1.wav */; };
		D437B0092555241B00747303 /* note4.wav in Resources */ = {isa = PBXBuildFile; fileRef = D437B0022555241B00747303 /* note4.wav */; };
		D437B00A2555241B00747303 /* note3.wav in Resources */ = {isa = PBXBuildFile; fileRef = D437B0032555241B00747303 /* note3.wav */; };
		D437B00B2555241B00747303 /* note5.wav in Resources */ = {isa = PBXBuildFile; fileRef = D437B0042555241B00747303 /* note5.wav */; };
		D437B00C2555241B00747303 /* note7.wav in Resources */ = {isa = PBXBuildFile; fileRef = D437B0052555241B00747303 /* note7.wav */; };
/* End PBXBuildFile section */

/* Begin PBXFileReference section */
		37B21012172A3D3CCDFED977 /* Info.plist */ = {isa = PBXFileReference; lastKnownFileType = text.plist.info; path = Info.plist; sourceTree = "<group>"; };
		37B216B80A6F27AC376D587B /* xylophone.app */ = {isa = PBXFileReference; explicitFileType = wrapper.application; includeInIndex = 0; path = xylophone.app; sourceTree = BUILT_PRODUCTS_DIR; };
		37B21753F155E0848888BE71 /* xylophoneApp.swift */ = {isa = PBXFileReference; lastKnownFileType = sourcecode.swift; path = xylophoneApp.swift; sourceTree = "<group>"; };
		37B217B27958409FED6270B0 /* Assets.xcassets */ = {isa = PBXFileReference; lastKnownFileType = folder.assetcatalog; path = Assets.xcassets; sourceTree = "<group>"; };
		37B21BE239168A714D3F5E1A /* Preview Assets.xcassets */ = {isa = PBXFileReference; lastKnownFileType = folder.assetcatalog; path = "Preview Assets.xcassets"; sourceTree = "<group>"; };
		37B21E8DFE702F753D277D73 /* ContentView.swift */ = {isa = PBXFileReference; lastKnownFileType = sourcecode.swift; path = ContentView.swift; sourceTree = "<group>"; };
		D437AFFF2555241B00747303 /* note6.wav */ = {isa = PBXFileReference; lastKnownFileType = audio.wav; path = note6.wav; sourceTree = "<group>"; };
		D437B0002555241B00747303 /* note2.wav */ = {isa = PBXFileReference; lastKnownFileType = audio.wav; path = note2.wav; sourceTree = "<group>"; };
		D437B0012555241B00747303 /* note1.wav */ = {isa = PBXFileReference; lastKnownFileType = audio.wav; path = note1.wav; sourceTree = "<group>"; };
		D437B0022555241B00747303 /* note4.wav */ = {isa = PBXFileReference; lastKnownFileType = audio.wav; path = note4.wav; sourceTree = "<group>"; };
		D437B0032555241B00747303 /* note3.wav */ = {isa = PBXFileReference; lastKnownFileType = audio.wav; path = note3.wav; sourceTree = "<group>"; };
		D437B0042555241B00747303 /* note5.wav */ = {isa = PBXFileReference; lastKnownFileType = audio.wav; path = note5.wav; sourceTree = "<group>"; };
		D437B0052555241B00747303 /* note7.wav */ = {isa = PBXFileReference; lastKnownFileType = audio.wav; path = note7.wav; sourceTree = "<group>"; };
/* End PBXFileReference section */

/* Begin PBXFrameworksBuildPhase section */
		37B213651D7B884C11E5549B /* Frameworks */ = {
			isa = PBXFrameworksBuildPhase;
			buildActionMask = 2147483647;
			files = (
			);
			runOnlyForDeploymentPostprocessing = 0;
		};
/* End PBXFrameworksBuildPhase section */

/* Begin PBXGroup section */
		37B21311DE9B93ACB862EA0E /* Products */ = {
			isa = PBXGroup;
			children = (
				37B216B80A6F27AC376D587B /* xylophone.app */,
			);
			name = Products;
			sourceTree = "<group>";
		};
		37B216731D8A157EF522D4DE = {
			isa = PBXGroup;
			children = (
				37B21311DE9B93ACB862EA0E /* Products */,
				37B21A4169F6FD724425E6ED /* xylophone */,
			);
			sourceTree = "<group>";
		};
		37B21A4169F6FD724425E6ED /* xylophone */ = {
			isa = PBXGroup;
			children = (
				D437AFFE255523EF00747303 /* Sounds */,
				37B21012172A3D3CCDFED977 /* Info.plist */,
				37B217B27958409FED6270B0 /* Assets.xcassets */,
				37B21DB49A60698F42E278DB /* Preview Content */,
				37B21753F155E0848888BE71 /* xylophoneApp.swift */,
				37B21E8DFE702F753D277D73 /* ContentView.swift */,
			);
			path = xylophone;
			sourceTree = "<group>";
		};
		37B21DB49A60698F42E278DB /* Preview Content */ = {
			isa = PBXGroup;
			children = (
				37B21BE239168A714D3F5E1A /* Preview Assets.xcassets */,
			);
			path = "Preview Content";
			sourceTree = "<group>";
		};
		D437AFFE255523EF00747303 /* Sounds */ = {
			isa = PBXGroup;
			children = (
				D437B0012555241B00747303 /* note1.wav */,
				D437B0002555241B00747303 /* note2.wav */,
				D437B0032555241B00747303 /* note3.wav */,
				D437B0022555241B00747303 /* note4.wav */,
				D437B0042555241B00747303 /* note5.wav */,
				D437AFFF2555241B00747303 /* note6.wav */,
				D437B0052555241B00747303 /* note7.wav */,
			);
			path = Sounds;
			sourceTree = "<group>";
		};
/* End PBXGroup section */

/* Begin PBXNativeTarget section */
		37B215F1E733625171792DCF /* xylophone */ = {
			isa = PBXNativeTarget;
			buildConfigurationList = 37B211DB6AA5E6656A777065 /* Build configuration list for PBXNativeTarget "xylophone" */;
			buildPhases = (
				37B21AA4B04740BB0B034E2E /* Sources */,
				37B213651D7B884C11E5549B /* Frameworks */,
				37B21878A04318217AD0CCDB /* Resources */,
			);
			buildRules = (
			);
			dependencies = (
			);
			name = xylophone;
			productName = xylophone;
			productReference = 37B216B80A6F27AC376D587B /* xylophone.app */;
			productType = "com.apple.product-type.application";
		};
/* End PBXNativeTarget section */

/* Begin PBXProject section */
		37B21D1041F7D2AFA9C3EEA6 /* Project object */ = {
			isa = PBXProject;
			attributes = {
			};
			buildConfigurationList = 37B21D1D2CAB58FDE92D375D /* Build configuration list for PBXProject "xylophone" */;
			compatibilityVersion = "Xcode 3.2";
			developmentRegion = English;
			hasScannedForEncodings = 0;
			knownRegions = (
				English,
				en,
			);
			mainGroup = 37B216731D8A157EF522D4DE;
			productRefGroup = 37B21311DE9B93ACB862EA0E /* Products */;
			projectDirPath = "";
			projectRoot = "";
			targets = (
				37B215F1E733625171792DCF /* xylophone */,
			);
		};
/* End PBXProject section */

/* Begin PBXResourcesBuildPhase section */
		37B21878A04318217AD0CCDB /* Resources */ = {
			isa = PBXResourcesBuildPhase;
			buildActionMask = 2147483647;
			files = (
				D437B00C2555241B00747303 /* note7.wav in Resources */,
				D437B00B2555241B00747303 /* note5.wav in Resources */,
				D437B0062555241B00747303 /* note6.wav in Resources */,
				D437B0072555241B00747303 /* note2.wav in Resources */,
				37B21B427762C3AA1ABE333D /* Assets.xcassets in Resources */,
				D437B0092555241B00747303 /* note4.wav in Resources */,
				D437B0082555241B00747303 /* note1.wav in Resources */,
				D437B00A2555241B00747303 /* note3.wav in Resources */,
				37B2177C03A540FEF32A274C /* Preview Assets.xcassets in Resources */,
			);
			runOnlyForDeploymentPostprocessing = 0;
		};
/* End PBXResourcesBuildPhase section */

/* Begin PBXSourcesBuildPhase section */
		37B21AA4B04740BB0B034E2E /* Sources */ = {
			isa = PBXSourcesBuildPhase;
			buildActionMask = 2147483647;
			files = (
				37B21E835BEB79E365BBB580 /* xylophoneApp.swift in Sources */,
				37B218E5259906A2F3C7A2CC /* ContentView.swift in Sources */,
			);
			runOnlyForDeploymentPostprocessing = 0;
		};
/* End PBXSourcesBuildPhase section */

/* Begin XCBuildConfiguration section */
		37B215B87FB0F876691C78A6 /* Release */ = {
			isa = XCBuildConfiguration;
			buildSettings = {
				ASSETCATALOG_COMPILER_APPICON_NAME = AppIcon;
				ASSETCATALOG_COMPILER_GLOBAL_ACCENT_COLOR_NAME = AccentColor;
				DEVELOPMENT_ASSET_PATHS = "\"xylophone/Preview Content\"";
				ENABLE_PREVIEWS = YES;
				INFOPLIST_FILE = xylophone/Info.plist;
				IPHONEOS_DEPLOYMENT_TARGET = 14.0;
				LD_RUNPATH_SEARCH_PATHS = "$(inherited) @executable_path/Frameworks";
				PRODUCT_BUNDLE_IDENTIFIER = com.lzhao.xylophone;
				PRODUCT_NAME = "$(TARGET_NAME)";
				SWIFT_VERSION = 5.0;
				TARGETED_DEVICE_FAMILY = "1,2";
			};
			name = Release;
		};
		37B21AE6C22F752008EBB7BC /* Release */ = {
			isa = XCBuildConfiguration;
			buildSettings = {
				ALWAYS_SEARCH_USER_PATHS = NO;
				CLANG_ANALYZER_NONNULL = YES;
				CLANG_ANALYZER_NUMBER_OBJECT_CONVERSION = YES_AGGRESSIVE;
				CLANG_CXX_LANGUAGE_STANDARD = "gnu++14";
				CLANG_CXX_LIBRARY = "libc++";
				CLANG_ENABLE_MODULES = YES;
				CLANG_ENABLE_OBJC_ARC = YES;
				CLANG_ENABLE_OBJC_WEAK = YES;
				CLANG_WARN_BLOCK_CAPTURE_AUTORELEASING = YES;
				CLANG_WARN_BOOL_CONVERSION = YES;
				CLANG_WARN_COMMA = YES;
				CLANG_WARN_CONSTANT_CONVERSION = YES;
				CLANG_WARN_DEPRECATED_OBJC_IMPLEMENTATIONS = YES;
				CLANG_WARN_DIRECT_OBJC_ISA_USAGE = YES_ERROR;
				CLANG_WARN_DOCUMENTATION_COMMENTS = YES;
				CLANG_WARN_EMPTY_BODY = YES;
				CLANG_WARN_ENUM_CONVERSION = YES;
				CLANG_WARN_INFINITE_RECURSION = YES;
				CLANG_WARN_INT_CONVERSION = YES;
				CLANG_WARN_NON_LITERAL_NULL_CONVERSION = YES;
				CLANG_WARN_OBJC_IMPLICIT_RETAIN_SELF = YES;
				CLANG_WARN_OBJC_LITERAL_CONVERSION = YES;
				CLANG_WARN_OBJC_ROOT_CLASS = YES_ERROR;
				CLANG_WARN_QUOTED_INCLUDE_IN_FRAMEWORK_HEADER = YES;
				CLANG_WARN_RANGE_LOOP_ANALYSIS = YES;
				CLANG_WARN_STRICT_PROTOTYPES = YES;
				CLANG_WARN_SUSPICIOUS_MOVE = YES;
				CLANG_WARN_UNGUARDED_AVAILABILITY = YES_AGGRESSIVE;
				CLANG_WARN_UNREACHABLE_CODE = YES;
				CLANG_WARN__DUPLICATE_METHOD_MATCH = YES;
				COPY_PHASE_STRIP = NO;
				DEBUG_INFORMATION_FORMAT = "dwarf-with-dsym";
				ENABLE_NS_ASSERTIONS = NO;
				ENABLE_STRICT_OBJC_MSGSEND = YES;
				GCC_C_LANGUAGE_STANDARD = gnu11;
				GCC_NO_COMMON_BLOCKS = YES;
				GCC_WARN_64_TO_32_BIT_CONVERSION = YES;
				GCC_WARN_ABOUT_RETURN_TYPE = YES_ERROR;
				GCC_WARN_UNDECLARED_SELECTOR = YES;
				GCC_WARN_UNINITIALIZED_AUTOS = YES_AGGRESSIVE;
				GCC_WARN_UNUSED_FUNCTION = YES;
				GCC_WARN_UNUSED_VARIABLE = YES;
				IPHONEOS_DEPLOYMENT_TARGET = 14.1;
				MTL_ENABLE_DEBUG_INFO = NO;
				MTL_FAST_MATH = YES;
				SDKROOT = iphoneos;
				SWIFT_OPTIMIZATION_LEVEL = "-Owholemodule";
				VALIDATE_PRODUCT = YES;
			};
			name = Release;
		};
		37B21BF491F67CF84732F468 /* Debug */ = {
			isa = XCBuildConfiguration;
			buildSettings = {
				ALWAYS_SEARCH_USER_PATHS = NO;
				CLANG_ANALYZER_NONNULL = YES;
				CLANG_ANALYZER_NUMBER_OBJECT_CONVERSION = YES_AGGRESSIVE;
				CLANG_CXX_LANGUAGE_STANDARD = "gnu++14";
				CLANG_CXX_LIBRARY = "libc++";
				CLANG_ENABLE_MODULES = YES;
				CLANG_ENABLE_OBJC_ARC = YES;
				CLANG_ENABLE_OBJC_WEAK = YES;
				CLANG_WARN_BLOCK_CAPTURE_AUTORELEASING = YES;
				CLANG_WARN_BOOL_CONVERSION = YES;
				CLANG_WARN_COMMA = YES;
				CLANG_WARN_CONSTANT_CONVERSION = YES;
				CLANG_WARN_DEPRECATED_OBJC_IMPLEMENTATIONS = YES;
				CLANG_WARN_DIRECT_OBJC_ISA_USAGE = YES_ERROR;
				CLANG_WARN_DOCUMENTATION_COMMENTS = YES;
				CLANG_WARN_EMPTY_BODY = YES;
				CLANG_WARN_ENUM_CONVERSION = YES;
				CLANG_WARN_INFINITE_RECURSION = YES;
				CLANG_WARN_INT_CONVERSION = YES;
				CLANG_WARN_NON_LITERAL_NULL_CONVERSION = YES;
				CLANG_WARN_OBJC_IMPLICIT_RETAIN_SELF = YES;
				CLANG_WARN_OBJC_LITERAL_CONVERSION = YES;
				CLANG_WARN_OBJC_ROOT_CLASS = YES_ERROR;
				CLANG_WARN_QUOTED_INCLUDE_IN_FRAMEWORK_HEADER = YES;
				CLANG_WARN_RANGE_LOOP_ANALYSIS = YES;
				CLANG_WARN_STRICT_PROTOTYPES = YES;
				CLANG_WARN_SUSPICIOUS_MOVE = YES;
				CLANG_WARN_UNGUARDED_AVAILABILITY = YES_AGGRESSIVE;
				CLANG_WARN_UNREACHABLE_CODE = YES;
				CLANG_WARN__DUPLICATE_METHOD_MATCH = YES;
				COPY_PHASE_STRIP = NO;
				DEBUG_INFORMATION_FORMAT = dwarf;
				ENABLE_STRICT_OBJC_MSGSEND = YES;
				ENABLE_TESTABILITY = YES;
				GCC_C_LANGUAGE_STANDARD = gnu11;
				GCC_DYNAMIC_NO_PIC = NO;
				GCC_NO_COMMON_BLOCKS = YES;
				GCC_OPTIMIZATION_LEVEL = 0;
				GCC_PREPROCESSOR_DEFINITIONS = (
					"DEBUG=1",
					"$(inherited)",
				);
				GCC_WARN_64_TO_32_BIT_CONVERSION = YES;
				GCC_WARN_ABOUT_RETURN_TYPE = YES_ERROR;
				GCC_WARN_UNDECLARED_SELECTOR = YES;
				GCC_WARN_UNINITIALIZED_AUTOS = YES_AGGRESSIVE;
				GCC_WARN_UNUSED_FUNCTION = YES;
				GCC_WARN_UNUSED_VARIABLE = YES;
				IPHONEOS_DEPLOYMENT_TARGET = 14.1;
				MTL_ENABLE_DEBUG_INFO = INCLUDE_SOURCE;
				MTL_FAST_MATH = YES;
				ONLY_ACTIVE_ARCH = YES;
				SDKROOT = iphoneos;
				SWIFT_ACTIVE_COMPILATION_CONDITIONS = DEBUG;
				SWIFT_OPTIMIZATION_LEVEL = "-Onone";
			};
			name = Debug;
		};
		37B21CAC79241EE67EC18DF9 /* Debug */ = {
			isa = XCBuildConfiguration;
			buildSettings = {
				ASSETCATALOG_COMPILER_APPICON_NAME = AppIcon;
				ASSETCATALOG_COMPILER_GLOBAL_ACCENT_COLOR_NAME = AccentColor;
				DEVELOPMENT_ASSET_PATHS = "\"xylophone/Preview Content\"";
				ENABLE_PREVIEWS = YES;
				INFOPLIST_FILE = xylophone/Info.plist;
				IPHONEOS_DEPLOYMENT_TARGET = 14.0;
				LD_RUNPATH_SEARCH_PATHS = "$(inherited) @executable_path/Frameworks";
				PRODUCT_BUNDLE_IDENTIFIER = com.lzhao.xylophone;
				PRODUCT_NAME = "$(TARGET_NAME)";
				SWIFT_VERSION = 5.0;
				TARGETED_DEVICE_FAMILY = "1,2";
			};
			name = Debug;
		};
/* End XCBuildConfiguration section */

/* Begin XCConfigurationList section */
		37B211DB6AA5E6656A777065 /* Build configuration list for PBXNativeTarget "xylophone" */ = {
			isa = XCConfigurationList;
			buildConfigurations = (
				37B21CAC79241EE67EC18DF9 /* Debug */,
				37B215B87FB0F876691C78A6 /* Release */,
			);
			defaultConfigurationIsVisible = 0;
			defaultConfigurationName = Release;
		};
		37B21D1D2CAB58FDE92D375D /* Build configuration list for PBXProject "xylophone" */ = {
			isa = XCConfigurationList;
			buildConfigurations = (
				37B21BF491F67CF84732F468 /* Debug */,
				37B21AE6C22F752008EBB7BC /* Release */,
			);
			defaultConfigurationIsVisible = 0;
			defaultConfigurationName = Release;
		};
/* End XCConfigurationList section */
	};
	rootObject = 37B21D1041F7D2AFA9C3EEA6 /* Project object */;
}
