// !$*UTF8*$!
{
	archiveVersion = 1;
	classes = {
	};
	objectVersion = 46;
	objects = {

/* Begin PBXBuildFile section */
		37B211FD94CAF958DE17559E /* ContentView.swift in Sources */ = {isa = PBXBuildFile; fileRef = 37B215640513D8193601F0A9 /* ContentView.swift */; };
		37B2141FF94F0EE961443C54 /* ImageClassificationApp.swift in Sources */ = {isa = PBXBuildFile; fileRef = 37B2173A1FB02BDABDB1D39C /* ImageClassificationApp.swift */; };
		37B2197A08A6943DC79C1F70 /* Assets.xcassets in Resources */ = {isa = PBXBuildFile; fileRef = 37B21F8B5F8B95B6D66E7596 /* Assets.xcassets */; };
		37B21A4A98DC7E2E6E74D9A1 /* Preview Assets.xcassets in Resources */ = {isa = PBXBuildFile; fileRef = 37B21FE5039104F48E555F32 /* Preview Assets.xcassets */; };
		37B21DF926C4BC6B8852F12B /* ImageVisionClassifier.swift in Sources */ = {isa = PBXBuildFile; fileRef = 37B218870FD32D71CE163A89 /* ImageVisionClassifier.swift */; };
		9376846D6EF3A511F26D68B5 /* Pods_ImageClassification.framework in Frameworks */ = {isa = PBXBuildFile; fileRef = 416F209FDB3DD97823D1F5BA /* Pods_ImageClassification.framework */; };
		D48AFF10256DEEB600D2324A /* MobileNetV2.mlmodel in Sources */ = {isa = PBXBuildFile; fileRef = D48AFF0F256DEEB600D2324A /* MobileNetV2.mlmodel */; };
		D4EF37A0256E0DC900156F1F /* CatDogMLTrain 1.mlmodel in Sources */ = {isa = PBXBuildFile; fileRef = D4EF379F256E0DC900156F1F /* CatDogMLTrain 1.mlmodel */; };
/* End PBXBuildFile section */

/* Begin PBXFileReference section */
		37B210083686AD6EA5F5799D /* ImageClassification.app */ = {isa = PBXFileReference; explicitFileType = wrapper.application; includeInIndex = 0; path = ImageClassification.app; sourceTree = BUILT_PRODUCTS_DIR; };
		37B215640513D8193601F0A9 /* ContentView.swift */ = {isa = PBXFileReference; lastKnownFileType = sourcecode.swift; path = ContentView.swift; sourceTree = "<group>"; };
		37B2164DB918F02C7EC56FFE /* Info.plist */ = {isa = PBXFileReference; lastKnownFileType = text.plist.info; path = Info.plist; sourceTree = "<group>"; };
		37B2173A1FB02BDABDB1D39C /* ImageClassificationApp.swift */ = {isa = PBXFileReference; lastKnownFileType = sourcecode.swift; path = ImageClassificationApp.swift; sourceTree = "<group>"; };
		37B218870FD32D71CE163A89 /* ImageVisionClassifier.swift */ = {isa = PBXFileReference; fileEncoding = 4; lastKnownFileType = sourcecode.swift; path = ImageVisionClassifier.swift; sourceTree = "<group>"; };
		37B21F8B5F8B95B6D66E7596 /* Assets.xcassets */ = {isa = PBXFileReference; lastKnownFileType = folder.assetcatalog; path = Assets.xcassets; sourceTree = "<group>"; };
		37B21FE5039104F48E555F32 /* Preview Assets.xcassets */ = {isa = PBXFileReference; lastKnownFileType = folder.assetcatalog; path = "Preview Assets.xcassets"; sourceTree = "<group>"; };
		416F209FDB3DD97823D1F5BA /* Pods_ImageClassification.framework */ = {isa = PBXFileReference; explicitFileType = wrapper.framework; includeInIndex = 0; path = Pods_ImageClassification.framework; sourceTree = BUILT_PRODUCTS_DIR; };
		775D17503B6EFAFE4A178BC1 /* Pods-ImageClassification.debug.xcconfig */ = {isa = PBXFileReference; includeInIndex = 1; lastKnownFileType = text.xcconfig; name = "Pods-ImageClassification.debug.xcconfig"; path = "Target Support Files/Pods-ImageClassification/Pods-ImageClassification.debug.xcconfig"; sourceTree = "<group>"; };
		933E816E22B3A15859C38495 /* Pods-ImageClassification.release.xcconfig */ = {isa = PBXFileReference; includeInIndex = 1; lastKnownFileType = text.xcconfig; name = "Pods-ImageClassification.release.xcconfig"; path = "Target Support Files/Pods-ImageClassification/Pods-ImageClassification.release.xcconfig"; sourceTree = "<group>"; };
		D48AFF0F256DEEB600D2324A /* MobileNetV2.mlmodel */ = {isa = PBXFileReference; lastKnownFileType = file.mlmodel; path = MobileNetV2.mlmodel; sourceTree = "<group>"; };
		D4EF379F256E0DC900156F1F /* CatDogMLTrain 1.mlmodel */ = {isa = PBXFileReference; lastKnownFileType = file.mlmodel; path = "CatDogMLTrain 1.mlmodel"; sourceTree = "<group>"; };
/* End PBXFileReference section */

/* Begin PBXFrameworksBuildPhase section */
		37B2138EA879A9056F78EE89 /* Frameworks */ = {
			isa = PBXFrameworksBuildPhase;
			buildActionMask = 2147483647;
			files = (
				9376846D6EF3A511F26D68B5 /* Pods_ImageClassification.framework in Frameworks */,
			);
			runOnlyForDeploymentPostprocessing = 0;
		};
/* End PBXFrameworksBuildPhase section */

/* Begin PBXGroup section */
		37B212AC55F7E37CCD93CDE9 = {
			isa = PBXGroup;
			children = (
				37B21A9AAEC66CF3B89E8A83 /* Products */,
				37B218883A3A670456BAD687 /* ImageClassification */,
				C2B32C698F464781C9518ED1 /* Pods */,
				BBCBEA08C7B2B21A0740D180 /* Frameworks */,
			);
			sourceTree = "<group>";
		};
		37B218883A3A670456BAD687 /* ImageClassification */ = {
			isa = PBXGroup;
			children = (
				37B2164DB918F02C7EC56FFE /* Info.plist */,
				37B21F8B5F8B95B6D66E7596 /* Assets.xcassets */,
				D48AFF0F256DEEB600D2324A /* MobileNetV2.mlmodel */,
				37B21D7C8355592E7D707F5C /* Preview Content */,
				37B2173A1FB02BDABDB1D39C /* ImageClassificationApp.swift */,
				37B215640513D8193601F0A9 /* ContentView.swift */,
				D4EF379F256E0DC900156F1F /* CatDogMLTrain 1.mlmodel */,
				37B218870FD32D71CE163A89 /* ImageVisionClassifier.swift */,
			);
			path = ImageClassification;
			sourceTree = "<group>";
		};
		37B21A9AAEC66CF3B89E8A83 /* Products */ = {
			isa = PBXGroup;
			children = (
				37B210083686AD6EA5F5799D /* ImageClassification.app */,
			);
			name = Products;
			sourceTree = "<group>";
		};
		37B21D7C8355592E7D707F5C /* Preview Content */ = {
			isa = PBXGroup;
			children = (
				37B21FE5039104F48E555F32 /* Preview Assets.xcassets */,
			);
			path = "Preview Content";
			sourceTree = "<group>";
		};
		BBCBEA08C7B2B21A0740D180 /* Frameworks */ = {
			isa = PBXGroup;
			children = (
				416F209FDB3DD97823D1F5BA /* Pods_ImageClassification.framework */,
			);
			name = Frameworks;
			sourceTree = "<group>";
		};
		C2B32C698F464781C9518ED1 /* Pods */ = {
			isa = PBXGroup;
			children = (
				775D17503B6EFAFE4A178BC1 /* Pods-ImageClassification.debug.xcconfig */,
				933E816E22B3A15859C38495 /* Pods-ImageClassification.release.xcconfig */,
			);
			path = Pods;
			sourceTree = "<group>";
		};
/* End PBXGroup section */

/* Begin PBXNativeTarget section */
		37B21F5C2BC3920CBF6D6720 /* ImageClassification */ = {
			isa = PBXNativeTarget;
			buildConfigurationList = 37B21D9D37021F09799974A5 /* Build configuration list for PBXNativeTarget "ImageClassification" */;
			buildPhases = (
				A0A3F82304C219D41359841A /* [CP] Check Pods Manifest.lock */,
				37B21ABA2DB57043E8352291 /* Sources */,
				37B2138EA879A9056F78EE89 /* Frameworks */,
				37B21DA8B94C621336D7D093 /* Resources */,
				71C1207314D5DE9B45FE8BEE /* [CP] Embed Pods Frameworks */,
			);
			buildRules = (
			);
			dependencies = (
			);
			name = ImageClassification;
			productName = ImageClassification;
			productReference = 37B210083686AD6EA5F5799D /* ImageClassification.app */;
			productType = "com.apple.product-type.application";
		};
/* End PBXNativeTarget section */

/* Begin PBXProject section */
		37B213A142FFE0C1DB7C0963 /* Project object */ = {
			isa = PBXProject;
			attributes = {
				TargetAttributes = {
					37B21F5C2BC3920CBF6D6720 = {
						DevelopmentTeam = ZQNTYXCS7L;
					};
				};
			};
			buildConfigurationList = 37B218E0489331487A21B0FE /* Build configuration list for PBXProject "ImageClassification" */;
			compatibilityVersion = "Xcode 3.2";
			developmentRegion = English;
			hasScannedForEncodings = 0;
			knownRegions = (
				English,
				en,
			);
			mainGroup = 37B212AC55F7E37CCD93CDE9;
			productRefGroup = 37B21A9AAEC66CF3B89E8A83 /* Products */;
			projectDirPath = "";
			projectRoot = "";
			targets = (
				37B21F5C2BC3920CBF6D6720 /* ImageClassification */,
			);
		};
/* End PBXProject section */

/* Begin PBXResourcesBuildPhase section */
		37B21DA8B94C621336D7D093 /* Resources */ = {
			isa = PBXResourcesBuildPhase;
			buildActionMask = 2147483647;
			files = (
				37B2197A08A6943DC79C1F70 /* Assets.xcassets in Resources */,
				37B21A4A98DC7E2E6E74D9A1 /* Preview Assets.xcassets in Resources */,
			);
			runOnlyForDeploymentPostprocessing = 0;
		};
/* End PBXResourcesBuildPhase section */

/* Begin PBXShellScriptBuildPhase section */
		71C1207314D5DE9B45FE8BEE /* [CP] Embed Pods Frameworks */ = {
			isa = PBXShellScriptBuildPhase;
			buildActionMask = 2147483647;
			files = (
			);
			inputPaths = (
				"${PODS_ROOT}/Target Support Files/Pods-ImageClassification/Pods-ImageClassification-frameworks.sh",
				"${BUILT_PRODUCTS_DIR}/SwiftMusings/SwiftMusings.framework",
			);
			name = "[CP] Embed Pods Frameworks";
			outputPaths = (
				"${TARGET_BUILD_DIR}/${FRAMEWORKS_FOLDER_PATH}/SwiftMusings.framework",
			);
			runOnlyForDeploymentPostprocessing = 0;
			shellPath = /bin/sh;
			shellScript = "\"${PODS_ROOT}/Target Support Files/Pods-ImageClassification/Pods-ImageClassification-frameworks.sh\"\n";
			showEnvVarsInLog = 0;
		};
		A0A3F82304C219D41359841A /* [CP] Check Pods Manifest.lock */ = {
			isa = PBXShellScriptBuildPhase;
			buildActionMask = 2147483647;
			files = (
			);
			inputFileListPaths = (
			);
			inputPaths = (
				"${PODS_PODFILE_DIR_PATH}/Podfile.lock",
				"${PODS_ROOT}/Manifest.lock",
			);
			name = "[CP] Check Pods Manifest.lock";
			outputFileListPaths = (
			);
			outputPaths = (
				"$(DERIVED_FILE_DIR)/Pods-ImageClassification-checkManifestLockResult.txt",
			);
			runOnlyForDeploymentPostprocessing = 0;
			shellPath = /bin/sh;
			shellScript = "diff \"${PODS_PODFILE_DIR_PATH}/Podfile.lock\" \"${PODS_ROOT}/Manifest.lock\" > /dev/null\nif [ $? != 0 ] ; then\n    # print error to STDERR\n    echo \"error: The sandbox is not in sync with the Podfile.lock. Run 'pod install' or update your CocoaPods installation.\" >&2\n    exit 1\nfi\n# This output is used by Xcode 'outputs' to avoid re-running this script phase.\necho \"SUCCESS\" > \"${SCRIPT_OUTPUT_FILE_0}\"\n";
			showEnvVarsInLog = 0;
		};
/* End PBXShellScriptBuildPhase section */

/* Begin PBXSourcesBuildPhase section */
		37B21ABA2DB57043E8352291 /* Sources */ = {
			isa = PBXSourcesBuildPhase;
			buildActionMask = 2147483647;
			files = (
				D48AFF10256DEEB600D2324A /* MobileNetV2.mlmodel in Sources */,
				D4EF37A0256E0DC900156F1F /* CatDogMLTrain 1.mlmodel in Sources */,
				37B2141FF94F0EE961443C54 /* ImageClassificationApp.swift in Sources */,
				37B211FD94CAF958DE17559E /* ContentView.swift in Sources */,
				37B21DF926C4BC6B8852F12B /* ImageVisionClassifier.swift in Sources */,
			);
			runOnlyForDeploymentPostprocessing = 0;
		};
/* End PBXSourcesBuildPhase section */

/* Begin XCBuildConfiguration section */
		37B212326D02B33D074F9337 /* Release */ = {
			isa = XCBuildConfiguration;
			buildSettings = {
				ALWAYS_SEARCH_USER_PATHS = NO;
				CLANG_ANALYZER_NONNULL = YES;
				CLANG_ANALYZER_NUMBER_OBJECT_CONVERSION = YES_AGGRESSIVE;
				CLANG_CXX_LANGUAGE_STANDARD = "gnu++14";
				CLANG_CXX_LIBRARY = "libc++";
				CLANG_ENABLE_MODULES = YES;
				CLANG_ENABLE_OBJC_ARC = YES;
				CLANG_ENABLE_OBJC_WEAK = YES;
				CLANG_WARN_BLOCK_CAPTURE_AUTORELEASING = YES;
				CLANG_WARN_BOOL_CONVERSION = YES;
				CLANG_WARN_COMMA = YES;
				CLANG_WARN_CONSTANT_CONVERSION = YES;
				CLANG_WARN_DEPRECATED_OBJC_IMPLEMENTATIONS = YES;
				CLANG_WARN_DIRECT_OBJC_ISA_USAGE = YES_ERROR;
				CLANG_WARN_DOCUMENTATION_COMMENTS = YES;
				CLANG_WARN_EMPTY_BODY = YES;
				CLANG_WARN_ENUM_CONVERSION = YES;
				CLANG_WARN_INFINITE_RECURSION = YES;
				CLANG_WARN_INT_CONVERSION = YES;
				CLANG_WARN_NON_LITERAL_NULL_CONVERSION = YES;
				CLANG_WARN_OBJC_IMPLICIT_RETAIN_SELF = YES;
				CLANG_WARN_OBJC_LITERAL_CONVERSION = YES;
				CLANG_WARN_OBJC_ROOT_CLASS = YES_ERROR;
				CLANG_WARN_QUOTED_INCLUDE_IN_FRAMEWORK_HEADER = YES;
				CLANG_WARN_RANGE_LOOP_ANALYSIS = YES;
				CLANG_WARN_STRICT_PROTOTYPES = YES;
				CLANG_WARN_SUSPICIOUS_MOVE = YES;
				CLANG_WARN_UNGUARDED_AVAILABILITY = YES_AGGRESSIVE;
				CLANG_WARN_UNREACHABLE_CODE = YES;
				CLANG_WARN__DUPLICATE_METHOD_MATCH = YES;
				COPY_PHASE_STRIP = NO;
				DEBUG_INFORMATION_FORMAT = "dwarf-with-dsym";
				ENABLE_NS_ASSERTIONS = NO;
				ENABLE_STRICT_OBJC_MSGSEND = YES;
				GCC_C_LANGUAGE_STANDARD = gnu11;
				GCC_NO_COMMON_BLOCKS = YES;
				GCC_WARN_64_TO_32_BIT_CONVERSION = YES;
				GCC_WARN_ABOUT_RETURN_TYPE = YES_ERROR;
				GCC_WARN_UNDECLARED_SELECTOR = YES;
				GCC_WARN_UNINITIALIZED_AUTOS = YES_AGGRESSIVE;
				GCC_WARN_UNUSED_FUNCTION = YES;
				GCC_WARN_UNUSED_VARIABLE = YES;
				IPHONEOS_DEPLOYMENT_TARGET = 14.2;
				MTL_ENABLE_DEBUG_INFO = NO;
				MTL_FAST_MATH = YES;
				SDKROOT = iphoneos;
				SWIFT_OPTIMIZATION_LEVEL = "-Owholemodule";
				VALIDATE_PRODUCT = YES;
			};
			name = Release;
		};
		37B216DF5499BF4CA4FC9507 /* Debug */ = {
			isa = XCBuildConfiguration;
			buildSettings = {
				ALWAYS_SEARCH_USER_PATHS = NO;
				CLANG_ANALYZER_NONNULL = YES;
				CLANG_ANALYZER_NUMBER_OBJECT_CONVERSION = YES_AGGRESSIVE;
				CLANG_CXX_LANGUAGE_STANDARD = "gnu++14";
				CLANG_CXX_LIBRARY = "libc++";
				CLANG_ENABLE_MODULES = YES;
				CLANG_ENABLE_OBJC_ARC = YES;
				CLANG_ENABLE_OBJC_WEAK = YES;
				CLANG_WARN_BLOCK_CAPTURE_AUTORELEASING = YES;
				CLANG_WARN_BOOL_CONVERSION = YES;
				CLANG_WARN_COMMA = YES;
				CLANG_WARN_CONSTANT_CONVERSION = YES;
				CLANG_WARN_DEPRECATED_OBJC_IMPLEMENTATIONS = YES;
				CLANG_WARN_DIRECT_OBJC_ISA_USAGE = YES_ERROR;
				CLANG_WARN_DOCUMENTATION_COMMENTS = YES;
				CLANG_WARN_EMPTY_BODY = YES;
				CLANG_WARN_ENUM_CONVERSION = YES;
				CLANG_WARN_INFINITE_RECURSION = YES;
				CLANG_WARN_INT_CONVERSION = YES;
				CLANG_WARN_NON_LITERAL_NULL_CONVERSION = YES;
				CLANG_WARN_OBJC_IMPLICIT_RETAIN_SELF = YES;
				CLANG_WARN_OBJC_LITERAL_CONVERSION = YES;
				CLANG_WARN_OBJC_ROOT_CLASS = YES_ERROR;
				CLANG_WARN_QUOTED_INCLUDE_IN_FRAMEWORK_HEADER = YES;
				CLANG_WARN_RANGE_LOOP_ANALYSIS = YES;
				CLANG_WARN_STRICT_PROTOTYPES = YES;
				CLANG_WARN_SUSPICIOUS_MOVE = YES;
				CLANG_WARN_UNGUARDED_AVAILABILITY = YES_AGGRESSIVE;
				CLANG_WARN_UNREACHABLE_CODE = YES;
				CLANG_WARN__DUPLICATE_METHOD_MATCH = YES;
				COPY_PHASE_STRIP = NO;
				DEBUG_INFORMATION_FORMAT = dwarf;
				ENABLE_STRICT_OBJC_MSGSEND = YES;
				ENABLE_TESTABILITY = YES;
				GCC_C_LANGUAGE_STANDARD = gnu11;
				GCC_DYNAMIC_NO_PIC = NO;
				GCC_NO_COMMON_BLOCKS = YES;
				GCC_OPTIMIZATION_LEVEL = 0;
				GCC_PREPROCESSOR_DEFINITIONS = (
					"DEBUG=1",
					"$(inherited)",
				);
				GCC_WARN_64_TO_32_BIT_CONVERSION = YES;
				GCC_WARN_ABOUT_RETURN_TYPE = YES_ERROR;
				GCC_WARN_UNDECLARED_SELECTOR = YES;
				GCC_WARN_UNINITIALIZED_AUTOS = YES_AGGRESSIVE;
				GCC_WARN_UNUSED_FUNCTION = YES;
				GCC_WARN_UNUSED_VARIABLE = YES;
				IPHONEOS_DEPLOYMENT_TARGET = 14.2;
				MTL_ENABLE_DEBUG_INFO = INCLUDE_SOURCE;
				MTL_FAST_MATH = YES;
				ONLY_ACTIVE_ARCH = YES;
				SDKROOT = iphoneos;
				SWIFT_ACTIVE_COMPILATION_CONDITIONS = DEBUG;
				SWIFT_OPTIMIZATION_LEVEL = "-Onone";
			};
			name = Debug;
		};
		37B217717449D52971E167FC /* Debug */ = {
			isa = XCBuildConfiguration;
			baseConfigurationReference = 775D17503B6EFAFE4A178BC1 /* Pods-ImageClassification.debug.xcconfig */;
			buildSettings = {
				ASSETCATALOG_COMPILER_APPICON_NAME = AppIcon;
				ASSETCATALOG_COMPILER_GLOBAL_ACCENT_COLOR_NAME = AccentColor;
				DEVELOPMENT_ASSET_PATHS = "\"ImageClassification/Preview Content\"";
				DEVELOPMENT_TEAM = ZQNTYXCS7L;
				ENABLE_PREVIEWS = YES;
				INFOPLIST_FILE = ImageClassification/Info.plist;
				IPHONEOS_DEPLOYMENT_TARGET = 14.0;
				LD_RUNPATH_SEARCH_PATHS = "$(inherited) @executable_path/Frameworks";
				PRODUCT_BUNDLE_IDENTIFIER = com.lzhao.ImageClassification;
				PRODUCT_NAME = "$(TARGET_NAME)";
				SWIFT_VERSION = 5.0;
				TARGETED_DEVICE_FAMILY = "1,2";
			};
			name = Debug;
		};
		37B21A6C7EE2E8B5264FDCF6 /* Release */ = {
			isa = XCBuildConfiguration;
			baseConfigurationReference = 933E816E22B3A15859C38495 /* Pods-ImageClassification.release.xcconfig */;
			buildSettings = {
				ASSETCATALOG_COMPILER_APPICON_NAME = AppIcon;
				ASSETCATALOG_COMPILER_GLOBAL_ACCENT_COLOR_NAME = AccentColor;
				DEVELOPMENT_ASSET_PATHS = "\"ImageClassification/Preview Content\"";
				DEVELOPMENT_TEAM = ZQNTYXCS7L;
				ENABLE_PREVIEWS = YES;
				INFOPLIST_FILE = ImageClassification/Info.plist;
				IPHONEOS_DEPLOYMENT_TARGET = 14.0;
				LD_RUNPATH_SEARCH_PATHS = "$(inherited) @executable_path/Frameworks";
				PRODUCT_BUNDLE_IDENTIFIER = com.lzhao.ImageClassification;
				PRODUCT_NAME = "$(TARGET_NAME)";
				SWIFT_VERSION = 5.0;
				TARGETED_DEVICE_FAMILY = "1,2";
			};
			name = Release;
		};
/* End XCBuildConfiguration section */

/* Begin XCConfigurationList section */
		37B218E0489331487A21B0FE /* Build configuration list for PBXProject "ImageClassification" */ = {
			isa = XCConfigurationList;
			buildConfigurations = (
				37B216DF5499BF4CA4FC9507 /* Debug */,
				37B212326D02B33D074F9337 /* Release */,
			);
			defaultConfigurationIsVisible = 0;
			defaultConfigurationName = Release;
		};
		37B21D9D37021F09799974A5 /* Build configuration list for PBXNativeTarget "ImageClassification" */ = {
			isa = XCConfigurationList;
			buildConfigurations = (
				37B217717449D52971E167FC /* Debug */,
				37B21A6C7EE2E8B5264FDCF6 /* Release */,
			);
			defaultConfigurationIsVisible = 0;
			defaultConfigurationName = Release;
		};
/* End XCConfigurationList section */
	};
	rootObject = 37B213A142FFE0C1DB7C0963 /* Project object */;
}
