<?xml version="1.0" encoding="UTF-8"?>
<Scheme
   version = "1.3">
   <BuildAction>
      <BuildActionEntries>
         <BuildActionEntry
            buildForRunning = "YES">
            <BuildableReference
               BuildableIdentifier = "primary"
               BlueprintIdentifier = "37B217C39802B25CF6D87060"
               BuildableName = "AnimatingCircle.app"
               BlueprintName = "AnimatingCircle"
               ReferencedContainer = "container:AnimatingCircle.xcodeproj">
            </BuildableReference>
         </BuildActionEntry>
      </BuildActionEntries>
   </BuildAction>
   <LaunchAction
      useCustomWorkingDirectory = "NO"
      buildConfiguration = "Debug"
      allowLocationSimulation = "YES">
      <BuildableProductRunnable>
         <BuildableReference
            BuildableIdentifier = "primary"
            BlueprintIdentifier = "37B217C39802B25CF6D87060"
            BuildableName = "AnimatingCircle.app"
            BlueprintName = "AnimatingCircle"
            ReferencedContainer = "container:AnimatingCircle.xcodeproj">
         </BuildableReference>
      </BuildableProductRunnable>
   </LaunchAction>
</Scheme>
