<?xml version="1.0" encoding="UTF-8"?>
<Scheme
   version = "1.3">
   <BuildAction>
      <BuildActionEntries>
         <BuildActionEntry
            buildForRunning = "YES">
            <BuildableReference
               BuildableIdentifier = "primary"
               BlueprintIdentifier = "37B21F5C594722DA2BA39DED"
               BuildableName = "ImageHueRotation.app"
               BlueprintName = "ImageHueRotation"
               ReferencedContainer = "container:ImageHueRotation.xcodeproj">
            </BuildableReference>
         </BuildActionEntry>
      </BuildActionEntries>
   </BuildAction>
   <LaunchAction
      useCustomWorkingDirectory = "NO"
      buildConfiguration = "Debug"
      allowLocationSimulation = "YES">
      <BuildableProductRunnable>
         <BuildableReference
            BuildableIdentifier = "primary"
            BlueprintIdentifier = "37B21F5C594722DA2BA39DED"
            BuildableName = "ImageHueRotation.app"
            BlueprintName = "ImageHueRotation"
            ReferencedContainer = "container:ImageHueRotation.xcodeproj">
         </BuildableReference>
      </BuildableProductRunnable>
   </LaunchAction>
</Scheme>
