// !$*UTF8*$!
{
	archiveVersion = 1;
	classes = {
	};
	objectVersion = 46;
	objects = {

/* Begin PBXBuildFile section */
		37B2111D4208A93EF80542C6 /* landmarkApp.swift in Sources */ = {isa = PBXBuildFile; fileRef = 37B2191E80CACB8427310624 /* landmarkApp.swift */; };
		37B211493A3D5C77FEDF76E5 /* Assets.xcassets in Resources */ = {isa = PBXBuildFile; fileRef = 37B215238967CD9C0972F778 /* Assets.xcassets */; };
		37B212D85273EECE3C55EC08 /* landmarkTests.swift in Sources */ = {isa = PBXBuildFile; fileRef = 37B216B4ECE5E7E97E759E59 /* landmarkTests.swift */; };
		37B212FA3D91EE75E4803594 /* Preview Assets.xcassets in Resources */ = {isa = PBXBuildFile; fileRef = 37B21A985123976CD3470791 /* Preview Assets.xcassets */; };
		37B2141946B1A23B6ECA7C93 /* ContentView.swift in Sources */ = {isa = PBXBuildFile; fileRef = 37B21B7C73ED5545453E9EBD /* ContentView.swift */; };
		37B21C5255ED69D3710C0206 /* landmarkUITests.swift in Sources */ = {isa = PBXBuildFile; fileRef = 37B21D4B683A2A79B8959C3A /* landmarkUITests.swift */; };
/* End PBXBuildFile section */

/* Begin PBXContainerItemProxy section */
		37B2137B888ED3C29161A86C /* PBXContainerItemProxy */ = {
			isa = PBXContainerItemProxy;
			containerPortal = 37B210C94706285E6C3BFAA8 /* Project object */;
			proxyType = 1;
			remoteGlobalIDString = 37B211124F836A53118AE666;
			remoteInfo = landmark;
		};
		37B2172E9536F3C254DBB2A3 /* PBXContainerItemProxy */ = {
			isa = PBXContainerItemProxy;
			containerPortal = 37B210C94706285E6C3BFAA8 /* Project object */;
			proxyType = 1;
			remoteGlobalIDString = 37B211124F836A53118AE666;
			remoteInfo = landmark;
		};
/* End PBXContainerItemProxy section */

/* Begin PBXFileReference section */
		37B2112BBA1A3EAE50E87FA9 /* Info.plist */ = {isa = PBXFileReference; lastKnownFileType = text.plist.info; path = Info.plist; sourceTree = "<group>"; };
		37B2119C431A73C7A49BB81A /* Info.plist */ = {isa = PBXFileReference; lastKnownFileType = text.plist.info; path = Info.plist; sourceTree = "<group>"; };
		37B215238967CD9C0972F778 /* Assets.xcassets */ = {isa = PBXFileReference; lastKnownFileType = folder.assetcatalog; path = Assets.xcassets; sourceTree = "<group>"; };
		37B216B4ECE5E7E97E759E59 /* landmarkTests.swift */ = {isa = PBXFileReference; lastKnownFileType = sourcecode.swift; path = landmarkTests.swift; sourceTree = "<group>"; };
		37B21754FE2953D14CD92A4F /* landmarkTests.xctest */ = {isa = PBXFileReference; explicitFileType = wrapper.cfbundle; includeInIndex = 0; path = landmarkTests.xctest; sourceTree = BUILT_PRODUCTS_DIR; };
		37B2191CA3519623D82F2D12 /* landmarkUITests.xctest */ = {isa = PBXFileReference; explicitFileType = wrapper.cfbundle; includeInIndex = 0; path = landmarkUITests.xctest; sourceTree = BUILT_PRODUCTS_DIR; };
		37B2191E80CACB8427310624 /* landmarkApp.swift */ = {isa = PBXFileReference; lastKnownFileType = sourcecode.swift; path = landmarkApp.swift; sourceTree = "<group>"; };
		37B21A985123976CD3470791 /* Preview Assets.xcassets */ = {isa = PBXFileReference; lastKnownFileType = folder.assetcatalog; path = "Preview Assets.xcassets"; sourceTree = "<group>"; };
		37B21B6CDA82AF6C962CD20E /* Info.plist */ = {isa = PBXFileReference; lastKnownFileType = text.plist.info; path = Info.plist; sourceTree = "<group>"; };
		37B21B7C73ED5545453E9EBD /* ContentView.swift */ = {isa = PBXFileReference; lastKnownFileType = sourcecode.swift; path = ContentView.swift; sourceTree = "<group>"; };
		37B21CA042624621BA464891 /* landmark.app */ = {isa = PBXFileReference; explicitFileType = wrapper.application; includeInIndex = 0; path = landmark.app; sourceTree = BUILT_PRODUCTS_DIR; };
		37B21D4B683A2A79B8959C3A /* landmarkUITests.swift */ = {isa = PBXFileReference; lastKnownFileType = sourcecode.swift; path = landmarkUITests.swift; sourceTree = "<group>"; };
/* End PBXFileReference section */

/* Begin PBXFrameworksBuildPhase section */
		37B212E05B0D14121551953E /* Frameworks */ = {
			isa = PBXFrameworksBuildPhase;
			buildActionMask = 2147483647;
			files = (
			);
			runOnlyForDeploymentPostprocessing = 0;
		};
		37B218AF6370566D00C9C9D9 /* Frameworks */ = {
			isa = PBXFrameworksBuildPhase;
			buildActionMask = 2147483647;
			files = (
			);
			runOnlyForDeploymentPostprocessing = 0;
		};
		37B21C181361A38C39B14148 /* Frameworks */ = {
			isa = PBXFrameworksBuildPhase;
			buildActionMask = 2147483647;
			files = (
			);
			runOnlyForDeploymentPostprocessing = 0;
		};
/* End PBXFrameworksBuildPhase section */

/* Begin PBXGroup section */
		37B210EC1277102F0A3CA6A5 /* Products */ = {
			isa = PBXGroup;
			children = (
				37B21CA042624621BA464891 /* landmark.app */,
				37B21754FE2953D14CD92A4F /* landmarkTests.xctest */,
				37B2191CA3519623D82F2D12 /* landmarkUITests.xctest */,
			);
			name = Products;
			sourceTree = "<group>";
		};
		37B215065855058627A24854 /* landmarkUITests */ = {
			isa = PBXGroup;
			children = (
				37B21B6CDA82AF6C962CD20E /* Info.plist */,
				37B21D4B683A2A79B8959C3A /* landmarkUITests.swift */,
			);
			path = landmarkUITests;
			sourceTree = "<group>";
		};
		37B2153893E36B9725062AA1 /* Preview Content */ = {
			isa = PBXGroup;
			children = (
				37B21A985123976CD3470791 /* Preview Assets.xcassets */,
			);
			path = "Preview Content";
			sourceTree = "<group>";
		};
		37B216C708C4B062E97C6C47 = {
			isa = PBXGroup;
			children = (
				37B210EC1277102F0A3CA6A5 /* Products */,
				37B21E38944C9C3524D50CAE /* landmark */,
				37B216ED28A3751DF45D010B /* landmarkTests */,
				37B215065855058627A24854 /* landmarkUITests */,
			);
			sourceTree = "<group>";
		};
		37B216ED28A3751DF45D010B /* landmarkTests */ = {
			isa = PBXGroup;
			children = (
				37B2112BBA1A3EAE50E87FA9 /* Info.plist */,
				37B216B4ECE5E7E97E759E59 /* landmarkTests.swift */,
			);
			path = landmarkTests;
			sourceTree = "<group>";
		};
		37B21E38944C9C3524D50CAE /* landmark */ = {
			isa = PBXGroup;
			children = (
				37B2119C431A73C7A49BB81A /* Info.plist */,
				37B215238967CD9C0972F778 /* Assets.xcassets */,
				37B2153893E36B9725062AA1 /* Preview Content */,
				37B2191E80CACB8427310624 /* landmarkApp.swift */,
				37B21B7C73ED5545453E9EBD /* ContentView.swift */,
			);
			path = landmark;
			sourceTree = "<group>";
		};
/* End PBXGroup section */

/* Begin PBXNativeTarget section */
		37B211124F836A53118AE666 /* landmark */ = {
			isa = PBXNativeTarget;
			buildConfigurationList = 37B212FF22CF87157EC56825 /* Build configuration list for PBXNativeTarget "landmark" */;
			buildPhases = (
				37B21454941E5E90BA25CB50 /* Sources */,
				37B21C181361A38C39B14148 /* Frameworks */,
				37B218425AF79E882F502167 /* Resources */,
			);
			buildRules = (
			);
			dependencies = (
			);
			name = landmark;
			productName = landmark;
			productReference = 37B21CA042624621BA464891 /* landmark.app */;
			productType = "com.apple.product-type.application";
		};
		37B21B226BDA56AB1E89270E /* landmarkTests */ = {
			isa = PBXNativeTarget;
			buildConfigurationList = 37B2118C450D8324330E0436 /* Build configuration list for PBXNativeTarget "landmarkTests" */;
			buildPhases = (
				37B21E925B531C1B515E3B51 /* Sources */,
				37B212E05B0D14121551953E /* Frameworks */,
				37B21F8F4E01C345E02BDAD8 /* Resources */,
			);
			buildRules = (
			);
			dependencies = (
				37B211DCA5135D98BD05FDAF /* PBXTargetDependency */,
			);
			name = landmarkTests;
			productName = landmarkTests;
			productReference = 37B21754FE2953D14CD92A4F /* landmarkTests.xctest */;
			productType = "com.apple.product-type.bundle.unit-test";
		};
		37B21E2DB0FACEA6A91D91B2 /* landmarkUITests */ = {
			isa = PBXNativeTarget;
			buildConfigurationList = 37B21169F90FF5F21020838F /* Build configuration list for PBXNativeTarget "landmarkUITests" */;
			buildPhases = (
				37B2157896FA67946C12BA8B /* Sources */,
				37B218AF6370566D00C9C9D9 /* Frameworks */,
				37B21B99FDCAF39FBA1C3A86 /* Resources */,
			);
			buildRules = (
			);
			dependencies = (
				37B21A5F916FE657F2B3D9CC /* PBXTargetDependency */,
			);
			name = landmarkUITests;
			productName = landmarkUITests;
			productReference = 37B2191CA3519623D82F2D12 /* landmarkUITests.xctest */;
			productType = "com.apple.product-type.bundle.ui-testing";
		};
/* End PBXNativeTarget section */

/* Begin PBXProject section */
		37B210C94706285E6C3BFAA8 /* Project object */ = {
			isa = PBXProject;
			buildConfigurationList = 37B21DFB4A6F00A09F15C492 /* Build configuration list for PBXProject "landmark" */;
			compatibilityVersion = "Xcode 3.2";
			developmentRegion = English;
			hasScannedForEncodings = 0;
			knownRegions = (
				en,
			);
			mainGroup = 37B216C708C4B062E97C6C47;
			productRefGroup = 37B210EC1277102F0A3CA6A5 /* Products */;
			projectDirPath = "";
			projectRoot = "";
			targets = (
				37B211124F836A53118AE666 /* landmark */,
				37B21B226BDA56AB1E89270E /* landmarkTests */,
				37B21E2DB0FACEA6A91D91B2 /* landmarkUITests */,
			);
		};
/* End PBXProject section */

/* Begin PBXResourcesBuildPhase section */
		37B218425AF79E882F502167 /* Resources */ = {
			isa = PBXResourcesBuildPhase;
			buildActionMask = 2147483647;
			files = (
				37B211493A3D5C77FEDF76E5 /* Assets.xcassets in Resources */,
				37B212FA3D91EE75E4803594 /* Preview Assets.xcassets in Resources */,
			);
			runOnlyForDeploymentPostprocessing = 0;
		};
		37B21B99FDCAF39FBA1C3A86 /* Resources */ = {
			isa = PBXResourcesBuildPhase;
			buildActionMask = 2147483647;
			files = (
			);
			runOnlyForDeploymentPostprocessing = 0;
		};
		37B21F8F4E01C345E02BDAD8 /* Resources */ = {
			isa = PBXResourcesBuildPhase;
			buildActionMask = 2147483647;
			files = (
			);
			runOnlyForDeploymentPostprocessing = 0;
		};
/* End PBXResourcesBuildPhase section */

/* Begin PBXSourcesBuildPhase section */
		37B21454941E5E90BA25CB50 /* Sources */ = {
			isa = PBXSourcesBuildPhase;
			buildActionMask = 2147483647;
			files = (
				37B2111D4208A93EF80542C6 /* landmarkApp.swift in Sources */,
				37B2141946B1A23B6ECA7C93 /* ContentView.swift in Sources */,
			);
			runOnlyForDeploymentPostprocessing = 0;
		};
		37B2157896FA67946C12BA8B /* Sources */ = {
			isa = PBXSourcesBuildPhase;
			buildActionMask = 2147483647;
			files = (
				37B21C5255ED69D3710C0206 /* landmarkUITests.swift in Sources */,
			);
			runOnlyForDeploymentPostprocessing = 0;
		};
		37B21E925B531C1B515E3B51 /* Sources */ = {
			isa = PBXSourcesBuildPhase;
			buildActionMask = 2147483647;
			files = (
				37B212D85273EECE3C55EC08 /* landmarkTests.swift in Sources */,
			);
			runOnlyForDeploymentPostprocessing = 0;
		};
/* End PBXSourcesBuildPhase section */

/* Begin PBXTargetDependency section */
		37B211DCA5135D98BD05FDAF /* PBXTargetDependency */ = {
			isa = PBXTargetDependency;
			target = 37B211124F836A53118AE666 /* landmark */;
			targetProxy = 37B2172E9536F3C254DBB2A3 /* PBXContainerItemProxy */;
		};
		37B21A5F916FE657F2B3D9CC /* PBXTargetDependency */ = {
			isa = PBXTargetDependency;
			target = 37B211124F836A53118AE666 /* landmark */;
			targetProxy = 37B2137B888ED3C29161A86C /* PBXContainerItemProxy */;
		};
/* End PBXTargetDependency section */

/* Begin XCBuildConfiguration section */
		37B211051F70461614E226E4 /* Debug */ = {
			isa = XCBuildConfiguration;
			buildSettings = {
				ALWAYS_SEARCH_USER_PATHS = NO;
				CLANG_ANALYZER_NONNULL = YES;
				CLANG_ANALYZER_NUMBER_OBJECT_CONVERSION = YES_AGGRESSIVE;
				CLANG_CXX_LANGUAGE_STANDARD = "gnu++14";
				CLANG_CXX_LIBRARY = "libc++";
				CLANG_ENABLE_MODULES = YES;
				CLANG_ENABLE_OBJC_ARC = YES;
				CLANG_ENABLE_OBJC_WEAK = YES;
				CLANG_WARN_BLOCK_CAPTURE_AUTORELEASING = YES;
				CLANG_WARN_BOOL_CONVERSION = YES;
				CLANG_WARN_COMMA = YES;
				CLANG_WARN_CONSTANT_CONVERSION = YES;
				CLANG_WARN_DEPRECATED_OBJC_IMPLEMENTATIONS = YES;
				CLANG_WARN_DIRECT_OBJC_ISA_USAGE = YES_ERROR;
				CLANG_WARN_DOCUMENTATION_COMMENTS = YES;
				CLANG_WARN_EMPTY_BODY = YES;
				CLANG_WARN_ENUM_CONVERSION = YES;
				CLANG_WARN_INFINITE_RECURSION = YES;
				CLANG_WARN_INT_CONVERSION = YES;
				CLANG_WARN_NON_LITERAL_NULL_CONVERSION = YES;
				CLANG_WARN_OBJC_IMPLICIT_RETAIN_SELF = YES;
				CLANG_WARN_OBJC_LITERAL_CONVERSION = YES;
				CLANG_WARN_OBJC_ROOT_CLASS = YES_ERROR;
				CLANG_WARN_QUOTED_INCLUDE_IN_FRAMEWORK_HEADER = YES;
				CLANG_WARN_RANGE_LOOP_ANALYSIS = YES;
				CLANG_WARN_STRICT_PROTOTYPES = YES;
				CLANG_WARN_SUSPICIOUS_MOVE = YES;
				CLANG_WARN_UNGUARDED_AVAILABILITY = YES_AGGRESSIVE;
				CLANG_WARN_UNREACHABLE_CODE = YES;
				CLANG_WARN__DUPLICATE_METHOD_MATCH = YES;
				COPY_PHASE_STRIP = NO;
				DEBUG_INFORMATION_FORMAT = dwarf;
				ENABLE_STRICT_OBJC_MSGSEND = YES;
				ENABLE_TESTABILITY = YES;
				GCC_C_LANGUAGE_STANDARD = gnu11;
				GCC_DYNAMIC_NO_PIC = NO;
				GCC_NO_COMMON_BLOCKS = YES;
				GCC_OPTIMIZATION_LEVEL = 0;
				GCC_PREPROCESSOR_DEFINITIONS = (
					"DEBUG=1",
					"$(inherited)",
				);
				GCC_WARN_64_TO_32_BIT_CONVERSION = YES;
				GCC_WARN_ABOUT_RETURN_TYPE = YES_ERROR;
				GCC_WARN_UNDECLARED_SELECTOR = YES;
				GCC_WARN_UNINITIALIZED_AUTOS = YES_AGGRESSIVE;
				GCC_WARN_UNUSED_FUNCTION = YES;
				GCC_WARN_UNUSED_VARIABLE = YES;
				IPHONEOS_DEPLOYMENT_TARGET = 14.1;
				MTL_ENABLE_DEBUG_INFO = INCLUDE_SOURCE;
				MTL_FAST_MATH = YES;
				ONLY_ACTIVE_ARCH = YES;
				SDKROOT = iphoneos;
				SWIFT_ACTIVE_COMPILATION_CONDITIONS = DEBUG;
				SWIFT_OPTIMIZATION_LEVEL = "-Onone";
			};
			name = Debug;
		};
		37B21277171DC4F16D0CF3E5 /* Release */ = {
			isa = XCBuildConfiguration;
			buildSettings = {
				BUNDLE_LOADER = "$(BUILT_PRODUCTS_DIR)/landmark.app/landmark";
				INFOPLIST_FILE = landmarkTests/Info.plist;
				LD_RUNPATH_SEARCH_PATHS = "$(inherited) @executable_path/Frameworks @loader_path/Frameworks";
				PRODUCT_BUNDLE_IDENTIFIER = com.lzhao.landmarkTests;
				PRODUCT_NAME = "$(TARGET_NAME)";
				SWIFT_VERSION = 5.0;
				TARGETED_DEVICE_FAMILY = "1,2";
				TEST_HOST = "$(BUNDLE_LOADER)";
			};
			name = Release;
		};
		37B212F9C81BB923C3F4A8C6 /* Debug */ = {
			isa = XCBuildConfiguration;
			buildSettings = {
				INFOPLIST_FILE = landmarkUITests/Info.plist;
				LD_RUNPATH_SEARCH_PATHS = "$(inherited) @executable_path/Frameworks @loader_path/Frameworks";
				PRODUCT_BUNDLE_IDENTIFIER = com.lzhao.landmarkUITests;
				PRODUCT_NAME = "$(TARGET_NAME)";
				SWIFT_VERSION = 5.0;
				TARGETED_DEVICE_FAMILY = "1,2";
				TEST_TARGET_NAME = landmark;
			};
			name = Debug;
		};
		37B21852560A2ED2E071027C /* Debug */ = {
			isa = XCBuildConfiguration;
			buildSettings = {
				BUNDLE_LOADER = "$(BUILT_PRODUCTS_DIR)/landmark.app/landmark";
				INFOPLIST_FILE = landmarkTests/Info.plist;
				LD_RUNPATH_SEARCH_PATHS = "$(inherited) @executable_path/Frameworks @loader_path/Frameworks";
				PRODUCT_BUNDLE_IDENTIFIER = com.lzhao.landmarkTests;
				PRODUCT_NAME = "$(TARGET_NAME)";
				SWIFT_VERSION = 5.0;
				TARGETED_DEVICE_FAMILY = "1,2";
				TEST_HOST = "$(BUNDLE_LOADER)";
			};
			name = Debug;
		};
		37B21A1A3ABD68CA96CC0928 /* Debug */ = {
			isa = XCBuildConfiguration;
			buildSettings = {
				ASSETCATALOG_COMPILER_APPICON_NAME = AppIcon;
				ASSETCATALOG_COMPILER_GLOBAL_ACCENT_COLOR_NAME = AccentColor;
				DEVELOPMENT_ASSET_PATHS = "\"landmark/Preview Content\"";
				ENABLE_PREVIEWS = YES;
				INFOPLIST_FILE = landmark/Info.plist;
				IPHONEOS_DEPLOYMENT_TARGET = 14.0;
				LD_RUNPATH_SEARCH_PATHS = "$(inherited) @executable_path/Frameworks";
				PRODUCT_BUNDLE_IDENTIFIER = com.lzhao.landmark;
				PRODUCT_NAME = "$(TARGET_NAME)";
				SWIFT_VERSION = 5.0;
				TARGETED_DEVICE_FAMILY = "1,2";
			};
			name = Debug;
		};
		37B21BEBA0CF56ACF281C074 /* Release */ = {
			isa = XCBuildConfiguration;
			buildSettings = {
				INFOPLIST_FILE = landmarkUITests/Info.plist;
				LD_RUNPATH_SEARCH_PATHS = "$(inherited) @executable_path/Frameworks @loader_path/Frameworks";
				PRODUCT_BUNDLE_IDENTIFIER = com.lzhao.landmarkUITests;
				PRODUCT_NAME = "$(TARGET_NAME)";
				SWIFT_VERSION = 5.0;
				TARGETED_DEVICE_FAMILY = "1,2";
				TEST_TARGET_NAME = landmark;
			};
			name = Release;
		};
		37B21CB11DDFBC9929DE40E2 /* Release */ = {
			isa = XCBuildConfiguration;
			buildSettings = {
				ASSETCATALOG_COMPILER_APPICON_NAME = AppIcon;
				ASSETCATALOG_COMPILER_GLOBAL_ACCENT_COLOR_NAME = AccentColor;
				DEVELOPMENT_ASSET_PATHS = "\"landmark/Preview Content\"";
				ENABLE_PREVIEWS = YES;
				INFOPLIST_FILE = landmark/Info.plist;
				IPHONEOS_DEPLOYMENT_TARGET = 14.0;
				LD_RUNPATH_SEARCH_PATHS = "$(inherited) @executable_path/Frameworks";
				PRODUCT_BUNDLE_IDENTIFIER = com.lzhao.landmark;
				PRODUCT_NAME = "$(TARGET_NAME)";
				SWIFT_VERSION = 5.0;
				TARGETED_DEVICE_FAMILY = "1,2";
			};
			name = Release;
		};
		37B21CEF03E8469F0B870600 /* Release */ = {
			isa = XCBuildConfiguration;
			buildSettings = {
				ALWAYS_SEARCH_USER_PATHS = NO;
				CLANG_ANALYZER_NONNULL = YES;
				CLANG_ANALYZER_NUMBER_OBJECT_CONVERSION = YES_AGGRESSIVE;
				CLANG_CXX_LANGUAGE_STANDARD = "gnu++14";
				CLANG_CXX_LIBRARY = "libc++";
				CLANG_ENABLE_MODULES = YES;
				CLANG_ENABLE_OBJC_ARC = YES;
				CLANG_ENABLE_OBJC_WEAK = YES;
				CLANG_WARN_BLOCK_CAPTURE_AUTORELEASING = YES;
				CLANG_WARN_BOOL_CONVERSION = YES;
				CLANG_WARN_COMMA = YES;
				CLANG_WARN_CONSTANT_CONVERSION = YES;
				CLANG_WARN_DEPRECATED_OBJC_IMPLEMENTATIONS = YES;
				CLANG_WARN_DIRECT_OBJC_ISA_USAGE = YES_ERROR;
				CLANG_WARN_DOCUMENTATION_COMMENTS = YES;
				CLANG_WARN_EMPTY_BODY = YES;
				CLANG_WARN_ENUM_CONVERSION = YES;
				CLANG_WARN_INFINITE_RECURSION = YES;
				CLANG_WARN_INT_CONVERSION = YES;
				CLANG_WARN_NON_LITERAL_NULL_CONVERSION = YES;
				CLANG_WARN_OBJC_IMPLICIT_RETAIN_SELF = YES;
				CLANG_WARN_OBJC_LITERAL_CONVERSION = YES;
				CLANG_WARN_OBJC_ROOT_CLASS = YES_ERROR;
				CLANG_WARN_QUOTED_INCLUDE_IN_FRAMEWORK_HEADER = YES;
				CLANG_WARN_RANGE_LOOP_ANALYSIS = YES;
				CLANG_WARN_STRICT_PROTOTYPES = YES;
				CLANG_WARN_SUSPICIOUS_MOVE = YES;
				CLANG_WARN_UNGUARDED_AVAILABILITY = YES_AGGRESSIVE;
				CLANG_WARN_UNREACHABLE_CODE = YES;
				CLANG_WARN__DUPLICATE_METHOD_MATCH = YES;
				COPY_PHASE_STRIP = NO;
				DEBUG_INFORMATION_FORMAT = "dwarf-with-dsym";
				ENABLE_NS_ASSERTIONS = NO;
				ENABLE_STRICT_OBJC_MSGSEND = YES;
				GCC_C_LANGUAGE_STANDARD = gnu11;
				GCC_NO_COMMON_BLOCKS = YES;
				GCC_WARN_64_TO_32_BIT_CONVERSION = YES;
				GCC_WARN_ABOUT_RETURN_TYPE = YES_ERROR;
				GCC_WARN_UNDECLARED_SELECTOR = YES;
				GCC_WARN_UNINITIALIZED_AUTOS = YES_AGGRESSIVE;
				GCC_WARN_UNUSED_FUNCTION = YES;
				GCC_WARN_UNUSED_VARIABLE = YES;
				IPHONEOS_DEPLOYMENT_TARGET = 14.1;
				MTL_ENABLE_DEBUG_INFO = NO;
				MTL_FAST_MATH = YES;
				SDKROOT = iphoneos;
				SWIFT_COMPILATION_MODE = wholemodule;
				SWIFT_OPTIMIZATION_LEVEL = "-O";
				VALIDATE_PRODUCT = YES;
			};
			name = Release;
		};
/* End XCBuildConfiguration section */

/* Begin XCConfigurationList section */
		37B21169F90FF5F21020838F /* Build configuration list for PBXNativeTarget "landmarkUITests" */ = {
			isa = XCConfigurationList;
			buildConfigurations = (
				37B212F9C81BB923C3F4A8C6 /* Debug */,
				37B21BEBA0CF56ACF281C074 /* Release */,
			);
			defaultConfigurationIsVisible = 0;
		};
		37B2118C450D8324330E0436 /* Build configuration list for PBXNativeTarget "landmarkTests" */ = {
			isa = XCConfigurationList;
			buildConfigurations = (
				37B21852560A2ED2E071027C /* Debug */,
				37B21277171DC4F16D0CF3E5 /* Release */,
			);
			defaultConfigurationIsVisible = 0;
		};
		37B212FF22CF87157EC56825 /* Build configuration list for PBXNativeTarget "landmark" */ = {
			isa = XCConfigurationList;
			buildConfigurations = (
				37B21A1A3ABD68CA96CC0928 /* Debug */,
				37B21CB11DDFBC9929DE40E2 /* Release */,
			);
			defaultConfigurationIsVisible = 0;
		};
		37B21DFB4A6F00A09F15C492 /* Build configuration list for PBXProject "landmark" */ = {
			isa = XCConfigurationList;
			buildConfigurations = (
				37B211051F70461614E226E4 /* Debug */,
				37B21CEF03E8469F0B870600 /* Release */,
			);
			defaultConfigurationIsVisible = 0;
			defaultConfigurationName = Release;
		};
/* End XCConfigurationList section */
	};
	rootObject = 37B210C94706285E6C3BFAA8 /* Project object */;
}
