<?xml version="1.0" encoding="UTF-8"?>
<Scheme
   version = "1.3">
   <BuildAction>
      <BuildActionEntries>
         <BuildActionEntry
            buildForRunning = "YES">
            <BuildableReference
               BuildableIdentifier = "primary"
               BlueprintIdentifier = "37B21C9BB8350FD52F6D598C"
               BuildableName = "DisclosureGroupTest.app"
               BlueprintName = "DisclosureGroupTest"
               ReferencedContainer = "container:DisclosureGroupTest.xcodeproj">
            </BuildableReference>
         </BuildActionEntry>
      </BuildActionEntries>
   </BuildAction>
   <LaunchAction
      useCustomWorkingDirectory = "NO"
      buildConfiguration = "Debug"
      allowLocationSimulation = "YES">
      <BuildableProductRunnable>
         <BuildableReference
            BuildableIdentifier = "primary"
            BlueprintIdentifier = "37B21C9BB8350FD52F6D598C"
            BuildableName = "DisclosureGroupTest.app"
            BlueprintName = "DisclosureGroupTest"
            ReferencedContainer = "container:DisclosureGroupTest.xcodeproj">
         </BuildableReference>
      </BuildableProductRunnable>
   </LaunchAction>
</Scheme>
